
Microsoft Visual Studio Solution File, Format Version 12.00
# Visual Studio Version 16
VisualStudioVersion = 16.0.31129.286
MinimumVisualStudioVersion = 10.0.40219.1
Project("{9A19103F-16F7-4668-BE54-9A1E7A4F7556}") = "DailyCodingProblem73", "DailyCodingProblem73\DailyCodingProblem73.csproj", "{478F4E45-3583-412D-81A5-A0AD98DEC9AA}"
EndProject
Global
	GlobalSection(SolutionConfigurationPlatforms) = preSolution
		Debug|Any CPU = Debug|Any CPU
		Release|Any CPU = Release|Any CPU
	EndGlobalSection
	GlobalSection(ProjectConfigurationPlatforms) = postSolution
		{478F4E45-3583-412D-81A5-A0AD98DEC9AA}.Debug|Any CPU.ActiveCfg = Debug|Any CPU
		{478F4E45-3583-412D-81A5-A0AD98DEC9AA}.Debug|Any CPU.Build.0 = Debug|Any CPU
		{478F4E45-3583-412D-81A5-A0AD98DEC9AA}.Release|Any CPU.ActiveCfg = Release|Any CPU
		{478F4E45-3583-412D-81A5-A0AD98DEC9AA}.Release|Any CPU.Build.0 = Release|Any CPU
	EndGlobalSection
	GlobalSection(SolutionProperties) = preSolution
		HideSolutionNode = FALSE
	EndGlobalSection
	GlobalSection(ExtensibilityGlobals) = postSolution
		SolutionGuid = {02C5572A-E555-4AC2-8425-4BB6E38DB1D4}
	EndGlobalSection
EndGlobal
