
Microsoft Visual Studio Solution File, Format Version 12.00
# Visual Studio Version 16
VisualStudioVersion = 16.0.31129.286
MinimumVisualStudioVersion = 10.0.40219.1
Project("{9A19103F-16F7-4668-BE54-9A1E7A4F7556}") = "0_DoesListContainSum", "DailyCodingProblem0\0_DoesListContainSum.csproj", "{8A7D2FE5-9674-4F64-97AF-95685B7A10F4}"
EndProject
Project("{9A19103F-16F7-4668-BE54-9A1E7A4F7556}") = "1_GivenArrayReturnProductsArray", "DailyCodingProblem1\1_GivenArrayReturnProductsArray.csproj", "{2F7D3E2D-B83C-40D6-9C5F-96B0BE02BD29}"
EndProject
Project("{9A19103F-16F7-4668-BE54-9A1E7A4F7556}") = "26_FindInvalidBracketPairs", "DailyCodingProblem26\26_FindInvalidBracketPairs.csproj", "{60462B0D-4344-4D8C-871E-20C9FCA7DAD3}"
EndProject
Project("{9A19103F-16F7-4668-BE54-9A1E7A4F7556}") = "73_ReversingLinkedList", "DailyCodingProblem73\73_ReversingLinkedList.csproj", "{1870F1A5-8A4E-4334-8237-D024ACA30AF9}"
EndProject
Global
	GlobalSection(SolutionConfigurationPlatforms) = preSolution
		Debug|Any CPU = Debug|Any CPU
		Release|Any CPU = Release|Any CPU
	EndGlobalSection
	GlobalSection(ProjectConfigurationPlatforms) = postSolution
		{8A7D2FE5-9674-4F64-97AF-95685B7A10F4}.Debug|Any CPU.ActiveCfg = Debug|Any CPU
		{8A7D2FE5-9674-4F64-97AF-95685B7A10F4}.Debug|Any CPU.Build.0 = Debug|Any CPU
		{8A7D2FE5-9674-4F64-97AF-95685B7A10F4}.Release|Any CPU.ActiveCfg = Release|Any CPU
		{8A7D2FE5-9674-4F64-97AF-95685B7A10F4}.Release|Any CPU.Build.0 = Release|Any CPU
		{2F7D3E2D-B83C-40D6-9C5F-96B0BE02BD29}.Debug|Any CPU.ActiveCfg = Debug|Any CPU
		{2F7D3E2D-B83C-40D6-9C5F-96B0BE02BD29}.Debug|Any CPU.Build.0 = Debug|Any CPU
		{2F7D3E2D-B83C-40D6-9C5F-96B0BE02BD29}.Release|Any CPU.ActiveCfg = Release|Any CPU
		{2F7D3E2D-B83C-40D6-9C5F-96B0BE02BD29}.Release|Any CPU.Build.0 = Release|Any CPU
		{60462B0D-4344-4D8C-871E-20C9FCA7DAD3}.Debug|Any CPU.ActiveCfg = Debug|Any CPU
		{60462B0D-4344-4D8C-871E-20C9FCA7DAD3}.Debug|Any CPU.Build.0 = Debug|Any CPU
		{60462B0D-4344-4D8C-871E-20C9FCA7DAD3}.Release|Any CPU.ActiveCfg = Release|Any CPU
		{60462B0D-4344-4D8C-871E-20C9FCA7DAD3}.Release|Any CPU.Build.0 = Release|Any CPU
		{1870F1A5-8A4E-4334-8237-D024ACA30AF9}.Debug|Any CPU.ActiveCfg = Debug|Any CPU
		{1870F1A5-8A4E-4334-8237-D024ACA30AF9}.Debug|Any CPU.Build.0 = Debug|Any CPU
		{1870F1A5-8A4E-4334-8237-D024ACA30AF9}.Release|Any CPU.ActiveCfg = Release|Any CPU
		{1870F1A5-8A4E-4334-8237-D024ACA30AF9}.Release|Any CPU.Build.0 = Release|Any CPU
	EndGlobalSection
	GlobalSection(SolutionProperties) = preSolution
		HideSolutionNode = FALSE
	EndGlobalSection
	GlobalSection(ExtensibilityGlobals) = postSolution
		SolutionGuid = {95400C3C-1A2E-4F67-BF6D-15DECBABBBDB}
	EndGlobalSection
EndGlobal
