
Microsoft Visual Studio Solution File, Format Version 12.00
# Visual Studio Version 16
VisualStudioVersion = 16.0.31129.286
MinimumVisualStudioVersion = 10.0.40219.1
Project("{FAE04EC0-301F-11D3-BF4B-00C04F79EFBC}") = "DailyCodingProblem0", "DailyCodingProblem0\DailyCodingProblem0.csproj", "{F994C1A1-8105-4B47-A567-22FD850FB3A9}"
EndProject
Global
	GlobalSection(SolutionConfigurationPlatforms) = preSolution
		Debug|Any CPU = Debug|Any CPU
		Release|Any CPU = Release|Any CPU
	EndGlobalSection
	GlobalSection(ProjectConfigurationPlatforms) = postSolution
		{F994C1A1-8105-4B47-A567-22FD850FB3A9}.Debug|Any CPU.ActiveCfg = Debug|Any CPU
		{F994C1A1-8105-4B47-A567-22FD850FB3A9}.Debug|Any CPU.Build.0 = Debug|Any CPU
		{F994C1A1-8105-4B47-A567-22FD850FB3A9}.Release|Any CPU.ActiveCfg = Release|Any CPU
		{F994C1A1-8105-4B47-A567-22FD850FB3A9}.Release|Any CPU.Build.0 = Release|Any CPU
	EndGlobalSection
	GlobalSection(SolutionProperties) = preSolution
		HideSolutionNode = FALSE
	EndGlobalSection
	GlobalSection(ExtensibilityGlobals) = postSolution
		SolutionGuid = {6156AE0E-089E-42B0-B869-1D129FC5968E}
	EndGlobalSection
EndGlobal
