
Microsoft Visual Studio Solution File, Format Version 12.00
# Visual Studio Version 16
VisualStudioVersion = 16.0.31129.286
MinimumVisualStudioVersion = 10.0.40219.1
Project("{9A19103F-16F7-4668-BE54-9A1E7A4F7556}") = "0_DoesListContainSum", "0_DoesListContainSum\0_DoesListContainSum.csproj", "{63B6A45B-3791-4A1F-BDDE-5A94FA9CCCDC}"
EndProject
Project("{9A19103F-16F7-4668-BE54-9A1E7A4F7556}") = "1_GivenArrayReturnProductsArray", "1_GiveArrayReturnProductsArray\1_GivenArrayReturnProductsArray.csproj", "{05AE9A55-5702-4153-A70B-3C4D76C0D653}"
EndProject
Project("{9A19103F-16F7-4668-BE54-9A1E7A4F7556}") = "26_FindInvalidBracketPairs", "26_FindInvalidBracketPairs\26_FindInvalidBracketPairs.csproj", "{E870FEF3-7A61-4E90-BCD8-65714C17F986}"
EndProject
Project("{9A19103F-16F7-4668-BE54-9A1E7A4F7556}") = "73_ReversingLinkedList", "73_ReversingLinkedList\73_ReversingLinkedList.csproj", "{FB2266CF-B845-4B11-9F7B-268FEA483979}"
EndProject
Global
	GlobalSection(SolutionConfigurationPlatforms) = preSolution
		Debug|Any CPU = Debug|Any CPU
		Release|Any CPU = Release|Any CPU
	EndGlobalSection
	GlobalSection(ProjectConfigurationPlatforms) = postSolution
		{63B6A45B-3791-4A1F-BDDE-5A94FA9CCCDC}.Debug|Any CPU.ActiveCfg = Debug|Any CPU
		{63B6A45B-3791-4A1F-BDDE-5A94FA9CCCDC}.Debug|Any CPU.Build.0 = Debug|Any CPU
		{63B6A45B-3791-4A1F-BDDE-5A94FA9CCCDC}.Release|Any CPU.ActiveCfg = Release|Any CPU
		{63B6A45B-3791-4A1F-BDDE-5A94FA9CCCDC}.Release|Any CPU.Build.0 = Release|Any CPU
		{05AE9A55-5702-4153-A70B-3C4D76C0D653}.Debug|Any CPU.ActiveCfg = Debug|Any CPU
		{05AE9A55-5702-4153-A70B-3C4D76C0D653}.Debug|Any CPU.Build.0 = Debug|Any CPU
		{05AE9A55-5702-4153-A70B-3C4D76C0D653}.Release|Any CPU.ActiveCfg = Release|Any CPU
		{05AE9A55-5702-4153-A70B-3C4D76C0D653}.Release|Any CPU.Build.0 = Release|Any CPU
		{E870FEF3-7A61-4E90-BCD8-65714C17F986}.Debug|Any CPU.ActiveCfg = Debug|Any CPU
		{E870FEF3-7A61-4E90-BCD8-65714C17F986}.Debug|Any CPU.Build.0 = Debug|Any CPU
		{E870FEF3-7A61-4E90-BCD8-65714C17F986}.Release|Any CPU.ActiveCfg = Release|Any CPU
		{E870FEF3-7A61-4E90-BCD8-65714C17F986}.Release|Any CPU.Build.0 = Release|Any CPU
		{FB2266CF-B845-4B11-9F7B-268FEA483979}.Debug|Any CPU.ActiveCfg = Debug|Any CPU
		{FB2266CF-B845-4B11-9F7B-268FEA483979}.Debug|Any CPU.Build.0 = Debug|Any CPU
		{FB2266CF-B845-4B11-9F7B-268FEA483979}.Release|Any CPU.ActiveCfg = Release|Any CPU
		{FB2266CF-B845-4B11-9F7B-268FEA483979}.Release|Any CPU.Build.0 = Release|Any CPU
	EndGlobalSection
	GlobalSection(SolutionProperties) = preSolution
		HideSolutionNode = FALSE
	EndGlobalSection
	GlobalSection(ExtensibilityGlobals) = postSolution
		SolutionGuid = {95400C3C-1A2E-4F67-BF6D-15DECBABBBDB}
	EndGlobalSection
EndGlobal
